// !$*UTF8*$!
{
	archiveVersion = 1;
	classes = {
	};
	objectVersion = 46;
	objects = {

/* Begin PBXBuildFile section */
		1ECA87801B7BE96F00D630E2 /* AppDelegate.swift in Sources */ = {isa = PBXBuildFile; fileRef = 1ECA877F1B7BE96F00D630E2 /* AppDelegate.swift */; };
		1ECA87821B7BE96F00D630E2 /* ViewController.swift in Sources */ = {isa = PBXBuildFile; fileRef = 1ECA87811B7BE96F00D630E2 /* ViewController.swift */; };
		1ECA87851B7BE96F00D630E2 /* Main.storyboard in Resources */ = {isa = PBXBuildFile; fileRef = 1ECA87831B7BE96F00D630E2 /* Main.storyboard */; };
		1ECA87871B7BE96F00D630E2 /* Images.xcassets in Resources */ = {isa = PBXBuildFile; fileRef = 1ECA87861B7BE96F00D630E2 /* Images.xcassets */; };
		1ECA878A1B7BE96F00D630E2 /* LaunchScreen.xib in Resources */ = {isa = PBXBuildFile; fileRef = 1ECA87881B7BE96F00D630E2 /* LaunchScreen.xib */; };
		1ECA87961B7BE96F00D630E2 /* XMLParsingDemoTests.swift in Sources */ = {isa = PBXBuildFile; fileRef = 1ECA87951B7BE96F00D630E2 /* XMLParsingDemoTests.swift */; };
		1ECA87A01B7BE9FB00D630E2 /* TablaVC.swift in Sources */ = {isa = PBXBuildFile; fileRef = 1ECA879F1B7BE9FB00D630E2 /* TablaVC.swift */; };
		1ECA87A41B7C1FF100D630E2 /* SwiftyJSON.framework in Frameworks */ = {isa = PBXBuildFile; fileRef = 1ECA87A31B7C1FF100D630E2 /* SwiftyJSON.framework */; };
/* End PBXBuildFile section */

/* Begin PBXContainerItemProxy section */
		1ECA87901B7BE96F00D630E2 /* PBXContainerItemProxy */ = {
			isa = PBXContainerItemProxy;
			containerPortal = 1ECA87721B7BE96F00D630E2 /* Project object */;
			proxyType = 1;
			remoteGlobalIDString = 1ECA87791B7BE96F00D630E2;
			remoteInfo = XMLParsingDemo;
		};
/* End PBXContainerItemProxy section */

/* Begin PBXFileReference section */
		1ECA877A1B7BE96F00D630E2 /* XMLParsingDemo.app */ = {isa = PBXFileReference; explicitFileType = wrapper.application; includeInIndex = 0; path = XMLParsingDemo.app; sourceTree = BUILT_PRODUCTS_DIR; };
		1ECA877E1B7BE96F00D630E2 /* Info.plist */ = {isa = PBXFileReference; lastKnownFileType = text.plist.xml; path = Info.plist; sourceTree = "<group>"; };
		1ECA877F1B7BE96F00D630E2 /* AppDelegate.swift */ = {isa = PBXFileReference; lastKnownFileType = sourcecode.swift; path = AppDelegate.swift; sourceTree = "<group>"; };
		1ECA87811B7BE96F00D630E2 /* ViewController.swift */ = {isa = PBXFileReference; lastKnownFileType = sourcecode.swift; path = ViewController.swift; sourceTree = "<group>"; };
		1ECA87841B7BE96F00D630E2 /* Base */ = {isa = PBXFileReference; lastKnownFileType = file.storyboard; name = Base; path = Base.lproj/Main.storyboard; sourceTree = "<group>"; };
		1ECA87861B7BE96F00D630E2 /* Images.xcassets */ = {isa = PBXFileReference; lastKnownFileType = folder.assetcatalog; path = Images.xcassets; sourceTree = "<group>"; };
		1ECA87891B7BE96F00D630E2 /* Base */ = {isa = PBXFileReference; lastKnownFileType = file.xib; name = Base; path = Base.lproj/LaunchScreen.xib; sourceTree = "<group>"; };
		1ECA878F1B7BE96F00D630E2 /* XMLParsingDemoTests.xctest */ = {isa = PBXFileReference; explicitFileType = wrapper.cfbundle; includeInIndex = 0; path = XMLParsingDemoTests.xctest; sourceTree = BUILT_PRODUCTS_DIR; };
		1ECA87941B7BE96F00D630E2 /* Info.plist */ = {isa = PBXFileReference; lastKnownFileType = text.plist.xml; path = Info.plist; sourceTree = "<group>"; };
		1ECA87951B7BE96F00D630E2 /* XMLParsingDemoTests.swift */ = {isa = PBXFileReference; lastKnownFileType = sourcecode.swift; path = XMLParsingDemoTests.swift; sourceTree = "<group>"; };
		1ECA879F1B7BE9FB00D630E2 /* TablaVC.swift */ = {isa = PBXFileReference; fileEncoding = 4; lastKnownFileType = sourcecode.swift; path = TablaVC.swift; sourceTree = "<group>"; };
		1ECA87A31B7C1FF100D630E2 /* SwiftyJSON.framework */ = {isa = PBXFileReference; lastKnownFileType = wrapper.framework; path = SwiftyJSON.framework; sourceTree = "<group>"; };
/* End PBXFileReference section */

/* Begin PBXFrameworksBuildPhase section */
		1ECA87771B7BE96F00D630E2 /* Frameworks */ = {
			isa = PBXFrameworksBuildPhase;
			buildActionMask = 2147483647;
			files = (
				1ECA87A41B7C1FF100D630E2 /* SwiftyJSON.framework in Frameworks */,
			);
			runOnlyForDeploymentPostprocessing = 0;
		};
		1ECA878C1B7BE96F00D630E2 /* Frameworks */ = {
			isa = PBXFrameworksBuildPhase;
			buildActionMask = 2147483647;
			files = (
			);
			runOnlyForDeploymentPostprocessing = 0;
		};
/* End PBXFrameworksBuildPhase section */

/* Begin PBXGroup section */
		1ECA87711B7BE96F00D630E2 = {
			isa = PBXGroup;
			children = (
				1ECA877C1B7BE96F00D630E2 /* XMLParsingDemo */,
				1ECA87921B7BE96F00D630E2 /* XMLParsingDemoTests */,
				1ECA877B1B7BE96F00D630E2 /* Products */,
			);
			sourceTree = "<group>";
		};
		1ECA877B1B7BE96F00D630E2 /* Products */ = {
			isa = PBXGroup;
			children = (
				1ECA877A1B7BE96F00D630E2 /* XMLParsingDemo.app */,
				1ECA878F1B7BE96F00D630E2 /* XMLParsingDemoTests.xctest */,
			);
			name = Products;
			sourceTree = "<group>";
		};
		1ECA877C1B7BE96F00D630E2 /* XMLParsingDemo */ = {
			isa = PBXGroup;
			children = (
				1ECA87A31B7C1FF100D630E2 /* SwiftyJSON.framework */,
				1ECA879F1B7BE9FB00D630E2 /* TablaVC.swift */,
				1ECA877F1B7BE96F00D630E2 /* AppDelegate.swift */,
				1ECA87811B7BE96F00D630E2 /* ViewController.swift */,
				1ECA87831B7BE96F00D630E2 /* Main.storyboard */,
				1ECA87861B7BE96F00D630E2 /* Images.xcassets */,
				1ECA87881B7BE96F00D630E2 /* LaunchScreen.xib */,
				1ECA877D1B7BE96F00D630E2 /* Supporting Files */,
			);
			path = XMLParsingDemo;
			sourceTree = "<group>";
		};
		1ECA877D1B7BE96F00D630E2 /* Supporting Files */ = {
			isa = PBXGroup;
			children = (
				1ECA877E1B7BE96F00D630E2 /* Info.plist */,
			);
			name = "Supporting Files";
			sourceTree = "<group>";
		};
		1ECA87921B7BE96F00D630E2 /* XMLParsingDemoTests */ = {
			isa = PBXGroup;
			children = (
				1ECA87951B7BE96F00D630E2 /* XMLParsingDemoTests.swift */,
				1ECA87931B7BE96F00D630E2 /* Supporting Files */,
			);
			path = XMLParsingDemoTests;
			sourceTree = "<group>";
		};
		1ECA87931B7BE96F00D630E2 /* Supporting Files */ = {
			isa = PBXGroup;
			children = (
				1ECA87941B7BE96F00D630E2 /* Info.plist */,
			);
			name = "Supporting Files";
			sourceTree = "<group>";
		};
/* End PBXGroup section */

/* Begin PBXNativeTarget section */
		1ECA87791B7BE96F00D630E2 /* XMLParsingDemo */ = {
			isa = PBXNativeTarget;
			buildConfigurationList = 1ECA87991B7BE96F00D630E2 /* Build configuration list for PBXNativeTarget "XMLParsingDemo" */;
			buildPhases = (
				1ECA87761B7BE96F00D630E2 /* Sources */,
				1ECA87771B7BE96F00D630E2 /* Frameworks */,
				1ECA87781B7BE96F00D630E2 /* Resources */,
				1ECA87A51B7C203B00D630E2 /* ShellScript */,
			);
			buildRules = (
			);
			dependencies = (
			);
			name = XMLParsingDemo;
			productName = XMLParsingDemo;
			productReference = 1ECA877A1B7BE96F00D630E2 /* XMLParsingDemo.app */;
			productType = "com.apple.product-type.application";
		};
		1ECA878E1B7BE96F00D630E2 /* XMLParsingDemoTests */ = {
			isa = PBXNativeTarget;
			buildConfigurationList = 1ECA879C1B7BE96F00D630E2 /* Build configuration list for PBXNativeTarget "XMLParsingDemoTests" */;
			buildPhases = (
				1ECA878B1B7BE96F00D630E2 /* Sources */,
				1ECA878C1B7BE96F00D630E2 /* Frameworks */,
				1ECA878D1B7BE96F00D630E2 /* Resources */,
			);
			buildRules = (
			);
			dependencies = (
				1ECA87911B7BE96F00D630E2 /* PBXTargetDependency */,
			);
			name = XMLParsingDemoTests;
			productName = XMLParsingDemoTests;
			productReference = 1ECA878F1B7BE96F00D630E2 /* XMLParsingDemoTests.xctest */;
			productType = "com.apple.product-type.bundle.unit-test";
		};
/* End PBXNativeTarget section */

/* Begin PBXProject section */
		1ECA87721B7BE96F00D630E2 /* Project object */ = {
			isa = PBXProject;
			attributes = {
				LastUpgradeCheck = 0640;
				ORGANIZATIONNAME = Apps4s;
				TargetAttributes = {
					1ECA87791B7BE96F00D630E2 = {
						CreatedOnToolsVersion = 6.4;
						LastSwiftMigration = 0830;
					};
					1ECA878E1B7BE96F00D630E2 = {
						CreatedOnToolsVersion = 6.4;
						LastSwiftMigration = 0830;
						TestTargetID = 1ECA87791B7BE96F00D630E2;
					};
				};
			};
			buildConfigurationList = 1ECA87751B7BE96F00D630E2 /* Build configuration list for PBXProject "XMLParsingDemo" */;
			compatibilityVersion = "Xcode 3.2";
			developmentRegion = English;
			hasScannedForEncodings = 0;
			knownRegions = (
				en,
				Base,
			);
			mainGroup = 1ECA87711B7BE96F00D630E2;
			productRefGroup = 1ECA877B1B7BE96F00D630E2 /* Products */;
			projectDirPath = "";
			projectRoot = "";
			targets = (
				1ECA87791B7BE96F00D630E2 /* XMLParsingDemo */,
				1ECA878E1B7BE96F00D630E2 /* XMLParsingDemoTests */,
			);
		};
/* End PBXProject section */

/* Begin PBXResourcesBuildPhase section */
		1ECA87781B7BE96F00D630E2 /* Resources */ = {
			isa = PBXResourcesBuildPhase;
			buildActionMask = 2147483647;
			files = (
				1ECA87851B7BE96F00D630E2 /* Main.storyboard in Resources */,
				1ECA878A1B7BE96F00D630E2 /* LaunchScreen.xib in Resources */,
				1ECA87871B7BE96F00D630E2 /* Images.xcassets in Resources */,
			);
			runOnlyForDeploymentPostprocessing = 0;
		};
		1ECA878D1B7BE96F00D630E2 /* Resources */ = {
			isa = PBXResourcesBuildPhase;
			buildActionMask = 2147483647;
			files = (
			);
			runOnlyForDeploymentPostprocessing = 0;
		};
/* End PBXResourcesBuildPhase section */

/* Begin PBXShellScriptBuildPhase section */
		1ECA87A51B7C203B00D630E2 /* ShellScript */ = {
			isa = PBXShellScriptBuildPhase;
			buildActionMask = 2147483647;
			files = (
			);
			inputPaths = (
				"$(SRCROOT)/Carthage/Build/iOS/SwiftyJSON.framework",
			);
			outputPaths = (
			);
			runOnlyForDeploymentPostprocessing = 0;
			shellPath = /bin/sh;
			shellScript = "/usr/local/bin/carthage copy-frameworks";
		};
/* End PBXShellScriptBuildPhase section */

/* Begin PBXSourcesBuildPhase section */
		1ECA87761B7BE96F00D630E2 /* Sources */ = {
			isa = PBXSourcesBuildPhase;
			buildActionMask = 2147483647;
			files = (
				1ECA87821B7BE96F00D630E2 /* ViewController.swift in Sources */,
				1ECA87801B7BE96F00D630E2 /* AppDelegate.swift in Sources */,
				1ECA87A01B7BE9FB00D630E2 /* TablaVC.swift in Sources */,
			);
			runOnlyForDeploymentPostprocessing = 0;
		};
		1ECA878B1B7BE96F00D630E2 /* Sources */ = {
			isa = PBXSourcesBuildPhase;
			buildActionMask = 2147483647;
			files = (
				1ECA87961B7BE96F00D630E2 /* XMLParsingDemoTests.swift in Sources */,
			);
			runOnlyForDeploymentPostprocessing = 0;
		};
/* End PBXSourcesBuildPhase section */

/* Begin PBXTargetDependency section */
		1ECA87911B7BE96F00D630E2 /* PBXTargetDependency */ = {
			isa = PBXTargetDependency;
			target = 1ECA87791B7BE96F00D630E2 /* XMLParsingDemo */;
			targetProxy = 1ECA87901B7BE96F00D630E2 /* PBXContainerItemProxy */;
		};
/* End PBXTargetDependency section */

/* Begin PBXVariantGroup section */
		1ECA87831B7BE96F00D630E2 /* Main.storyboard */ = {
			isa = PBXVariantGroup;
			children = (
				1ECA87841B7BE96F00D630E2 /* Base */,
			);
			name = Main.storyboard;
			sourceTree = "<group>";
		};
		1ECA87881B7BE96F00D630E2 /* LaunchScreen.xib */ = {
			isa = PBXVariantGroup;
			children = (
				1ECA87891B7BE96F00D630E2 /* Base */,
			);
			name = LaunchScreen.xib;
			sourceTree = "<group>";
		};
/* End PBXVariantGroup section */

/* Begin XCBuildConfiguration section */
		1ECA87971B7BE96F00D630E2 /* Debug */ = {
			isa = XCBuildConfiguration;
			buildSettings = {
				ALWAYS_SEARCH_USER_PATHS = NO;
				CLANG_CXX_LANGUAGE_STANDARD = "gnu++0x";
				CLANG_CXX_LIBRARY = "libc++";
				CLANG_ENABLE_MODULES = YES;
				CLANG_ENABLE_OBJC_ARC = YES;
				CLANG_WARN_BOOL_CONVERSION = YES;
				CLANG_WARN_CONSTANT_CONVERSION = YES;
				CLANG_WARN_DIRECT_OBJC_ISA_USAGE = YES_ERROR;
				CLANG_WARN_EMPTY_BODY = YES;
				CLANG_WARN_ENUM_CONVERSION = YES;
				CLANG_WARN_INT_CONVERSION = YES;
				CLANG_WARN_OBJC_ROOT_CLASS = YES_ERROR;
				CLANG_WARN_UNREACHABLE_CODE = YES;
				CLANG_WARN__DUPLICATE_METHOD_MATCH = YES;
				"CODE_SIGN_IDENTITY[sdk=iphoneos*]" = "iPhone Developer";
				COPY_PHASE_STRIP = NO;
				DEBUG_INFORMATION_FORMAT = "dwarf-with-dsym";
				ENABLE_STRICT_OBJC_MSGSEND = YES;
				GCC_C_LANGUAGE_STANDARD = gnu99;
				GCC_DYNAMIC_NO_PIC = NO;
				GCC_NO_COMMON_BLOCKS = YES;
				GCC_OPTIMIZATION_LEVEL = 0;
				GCC_PREPROCESSOR_DEFINITIONS = (
					"DEBUG=1",
					"$(inherited)",
				);
				GCC_SYMBOLS_PRIVATE_EXTERN = NO;
				GCC_WARN_64_TO_32_BIT_CONVERSION = YES;
				GCC_WARN_ABOUT_RETURN_TYPE = YES_ERROR;
				GCC_WARN_UNDECLARED_SELECTOR = YES;
				GCC_WARN_UNINITIALIZED_AUTOS = YES_AGGRESSIVE;
				GCC_WARN_UNUSED_FUNCTION = YES;
				GCC_WARN_UNUSED_VARIABLE = YES;
				IPHONEOS_DEPLOYMENT_TARGET = 8.4;
				MTL_ENABLE_DEBUG_INFO = YES;
				ONLY_ACTIVE_ARCH = YES;
				SDKROOT = iphoneos;
				SWIFT_OPTIMIZATION_LEVEL = "-Onone";
			};
			name = Debug;
		};
		1ECA87981B7BE96F00D630E2 /* Release */ = {
			isa = XCBuildConfiguration;
			buildSettings = {
				ALWAYS_SEARCH_USER_PATHS = NO;
				CLANG_CXX_LANGUAGE_STANDARD = "gnu++0x";
				CLANG_CXX_LIBRARY = "libc++";
				CLANG_ENABLE_MODULES = YES;
				CLANG_ENABLE_OBJC_ARC = YES;
				CLANG_WARN_BOOL_CONVERSION = YES;
				CLANG_WARN_CONSTANT_CONVERSION = YES;
				CLANG_WARN_DIRECT_OBJC_ISA_USAGE = YES_ERROR;
				CLANG_WARN_EMPTY_BODY = YES;
				CLANG_WARN_ENUM_CONVERSION = YES;
				CLANG_WARN_INT_CONVERSION = YES;
				CLANG_WARN_OBJC_ROOT_CLASS = YES_ERROR;
				CLANG_WARN_UNREACHABLE_CODE = YES;
				CLANG_WARN__DUPLICATE_METHOD_MATCH = YES;
				"CODE_SIGN_IDENTITY[sdk=iphoneos*]" = "iPhone Developer";
				COPY_PHASE_STRIP = NO;
				DEBUG_INFORMATION_FORMAT = "dwarf-with-dsym";
				ENABLE_NS_ASSERTIONS = NO;
				ENABLE_STRICT_OBJC_MSGSEND = YES;
				GCC_C_LANGUAGE_STANDARD = gnu99;
				GCC_NO_COMMON_BLOCKS = YES;
				GCC_WARN_64_TO_32_BIT_CONVERSION = YES;
				GCC_WARN_ABOUT_RETURN_TYPE = YES_ERROR;
				GCC_WARN_UNDECLARED_SELECTOR = YES;
				GCC_WARN_UNINITIALIZED_AUTOS = YES_AGGRESSIVE;
				GCC_WARN_UNUSED_FUNCTION = YES;
				GCC_WARN_UNUSED_VARIABLE = YES;
				IPHONEOS_DEPLOYMENT_TARGET = 8.4;
				MTL_ENABLE_DEBUG_INFO = NO;
				SDKROOT = iphoneos;
				VALIDATE_PRODUCT = YES;
			};
			name = Release;
		};
		1ECA879A1B7BE96F00D630E2 /* Debug */ = {
			isa = XCBuildConfiguration;
			buildSettings = {
				ASSETCATALOG_COMPILER_APPICON_NAME = AppIcon;
				FRAMEWORK_SEARCH_PATHS = (
					"$(inherited)",
					"$(PROJECT_DIR)/XMLParsingDemo",
				);
				INFOPLIST_FILE = XMLParsingDemo/Info.plist;
				LD_RUNPATH_SEARCH_PATHS = "$(inherited) @executable_path/Frameworks";
				PRODUCT_NAME = "$(TARGET_NAME)";
				SWIFT_VERSION = 3.0;
			};
			name = Debug;
		};
		1ECA879B1B7BE96F00D630E2 /* Release */ = {
			isa = XCBuildConfiguration;
			buildSettings = {
				ASSETCATALOG_COMPILER_APPICON_NAME = AppIcon;
				FRAMEWORK_SEARCH_PATHS = (
					"$(inherited)",
					"$(PROJECT_DIR)/XMLParsingDemo",
				);
				INFOPLIST_FILE = XMLParsingDemo/Info.plist;
				LD_RUNPATH_SEARCH_PATHS = "$(inherited) @executable_path/Frameworks";
				PRODUCT_NAME = "$(TARGET_NAME)";
				SWIFT_VERSION = 3.0;
			};
			name = Release;
		};
		1ECA879D1B7BE96F00D630E2 /* Debug */ = {
			isa = XCBuildConfiguration;
			buildSettings = {
				BUNDLE_LOADER = "$(TEST_HOST)";
				FRAMEWORK_SEARCH_PATHS = (
					"$(SDKROOT)/Developer/Library/Frameworks",
					"$(inherited)",
				);
				GCC_PREPROCESSOR_DEFINITIONS = (
					"DEBUG=1",
					"$(inherited)",
				);
				INFOPLIST_FILE = XMLParsingDemoTests/Info.plist;
				LD_RUNPATH_SEARCH_PATHS = "$(inherited) @executable_path/Frameworks @loader_path/Frameworks";
				PRODUCT_NAME = "$(TARGET_NAME)";
				SWIFT_VERSION = 3.0;
				TEST_HOST = "$(BUILT_PRODUCTS_DIR)/XMLParsingDemo.app/XMLParsingDemo";
			};
			name = Debug;
		};
		1ECA879E1B7BE96F00D630E2 /* Release */ = {
			isa = XCBuildConfiguration;
			buildSettings = {
				BUNDLE_LOADER = "$(TEST_HOST)";
				FRAMEWORK_SEARCH_PATHS = (
					"$(SDKROOT)/Developer/Library/Frameworks",
					"$(inherited)",
				);
				INFOPLIST_FILE = XMLParsingDemoTests/Info.plist;
				LD_RUNPATH_SEARCH_PATHS = "$(inherited) @executable_path/Frameworks @loader_path/Frameworks";
				PRODUCT_NAME = "$(TARGET_NAME)";
				SWIFT_VERSION = 3.0;
				TEST_HOST = "$(BUILT_PRODUCTS_DIR)/XMLParsingDemo.app/XMLParsingDemo";
			};
			name = Release;
		};
/* End XCBuildConfiguration section */

/* Begin XCConfigurationList section */
		1ECA87751B7BE96F00D630E2 /* Build configuration list for PBXProject "XMLParsingDemo" */ = {
			isa = XCConfigurationList;
			buildConfigurations = (
				1ECA87971B7BE96F00D630E2 /* Debug */,
				1ECA87981B7BE96F00D630E2 /* Release */,
			);
			defaultConfigurationIsVisible = 0;
			defaultConfigurationName = Release;
		};
		1ECA87991B7BE96F00D630E2 /* Build configuration list for PBXNativeTarget "XMLParsingDemo" */ = {
			isa = XCConfigurationList;
			buildConfigurations = (
				1ECA879A1B7BE96F00D630E2 /* Debug */,
				1ECA879B1B7BE96F00D630E2 /* Release */,
			);
			defaultConfigurationIsVisible = 0;
			defaultConfigurationName = Release;
		};
		1ECA879C1B7BE96F00D630E2 /* Build configuration list for PBXNativeTarget "XMLParsingDemoTests" */ = {
			isa = XCConfigurationList;
			buildConfigurations = (
				1ECA879D1B7BE96F00D630E2 /* Debug */,
				1ECA879E1B7BE96F00D630E2 /* Release */,
			);
			defaultConfigurationIsVisible = 0;
			defaultConfigurationName = Release;
		};
/* End XCConfigurationList section */
	};
	rootObject = 1ECA87721B7BE96F00D630E2 /* Project object */;
}
